
Microsoft Visual Studio Solution File, Format Version 12.00
# Visual Studio Version 16
VisualStudioVersion = 16.0.30320.27
MinimumVisualStudioVersion = 10.0.40219.1
Project("{9A19103F-16F7-4668-BE54-9A1E7A4F7556}") = "KeinsSchoolAPI", "KeinsSchoolAPI\KeinsSchoolAPI.csproj", "{96FAE75F-DA54-4950-B79E-49723BB90B08}"
EndProject
Project("{9A19103F-16F7-4668-BE54-9A1E7A4F7556}") = "KeinsSchoolClientApps", "KeinsSchoolClientApps\KeinsSchoolClientApps.csproj", "{FFD5BAB4-9B6D-4236-81C0-6052C0E7CAAE}"
EndProject
Global
	GlobalSection(SolutionConfigurationPlatforms) = preSolution
		Debug|Any CPU = Debug|Any CPU
		Release|Any CPU = Release|Any CPU
	EndGlobalSection
	GlobalSection(ProjectConfigurationPlatforms) = postSolution
		{96FAE75F-DA54-4950-B79E-49723BB90B08}.Debug|Any CPU.ActiveCfg = Debug|Any CPU
		{96FAE75F-DA54-4950-B79E-49723BB90B08}.Debug|Any CPU.Build.0 = Debug|Any CPU
		{96FAE75F-DA54-4950-B79E-49723BB90B08}.Release|Any CPU.ActiveCfg = Release|Any CPU
		{96FAE75F-DA54-4950-B79E-49723BB90B08}.Release|Any CPU.Build.0 = Release|Any CPU
		{FFD5BAB4-9B6D-4236-81C0-6052C0E7CAAE}.Debug|Any CPU.ActiveCfg = Debug|Any CPU
		{FFD5BAB4-9B6D-4236-81C0-6052C0E7CAAE}.Debug|Any CPU.Build.0 = Debug|Any CPU
		{FFD5BAB4-9B6D-4236-81C0-6052C0E7CAAE}.Release|Any CPU.ActiveCfg = Release|Any CPU
		{FFD5BAB4-9B6D-4236-81C0-6052C0E7CAAE}.Release|Any CPU.Build.0 = Release|Any CPU
	EndGlobalSection
	GlobalSection(SolutionProperties) = preSolution
		HideSolutionNode = FALSE
	EndGlobalSection
	GlobalSection(ExtensibilityGlobals) = postSolution
		SolutionGuid = {C1549B50-DFAA-4EB5-BF27-46BFB548A060}
	EndGlobalSection
EndGlobal
